
Microsoft Visual Studio Solution File, Format Version 12.00
# Visual Studio Version 17
VisualStudioVersion = 17.4.33213.308
MinimumVisualStudioVersion = 10.0.40219.1
Project("{2150E333-8FDC-42A3-9474-1A3956D46DE8}") = "FrontEnds", "FrontEnds", "{2F648221-61E9-4AC6-B27F-55C64DC0443E}"
EndProject
Project("{2150E333-8FDC-42A3-9474-1A3956D46DE8}") = "GateWays", "GateWays", "{14AFDA5E-C0D7-4438-944F-40C09F19FA3A}"
EndProject
Project("{2150E333-8FDC-42A3-9474-1A3956D46DE8}") = "IdentityServer", "IdentityServer", "{0699178B-852B-4318-A68C-A2A59B12251F}"
EndProject
Project("{2150E333-8FDC-42A3-9474-1A3956D46DE8}") = "Services", "Services", "{E8FA9514-CBCD-4506-9A70-D292AC80643C}"
EndProject
Project("{2150E333-8FDC-42A3-9474-1A3956D46DE8}") = "Shared", "Shared", "{BEFFBE71-616C-4269-81BD-1E0A9971B651}"
EndProject
Project("{2150E333-8FDC-42A3-9474-1A3956D46DE8}") = "SolutionItems", "SolutionItems", "{FD0C047D-9D08-4362-8C4A-161C4560B167}"
EndProject
Project("{2150E333-8FDC-42A3-9474-1A3956D46DE8}") = "Basket", "Basket", "{3E80A0D9-1FEA-403F-B56F-08CE341EEF6B}"
EndProject
Project("{2150E333-8FDC-42A3-9474-1A3956D46DE8}") = "Order", "Order", "{9594C278-C3AE-4AAB-BCCF-5B6CB1B6B8D4}"
EndProject
Project("{2150E333-8FDC-42A3-9474-1A3956D46DE8}") = "Discount", "Discount", "{9EA92C7E-5A9F-4D06-8CAB-C00033917985}"
EndProject
Project("{2150E333-8FDC-42A3-9474-1A3956D46DE8}") = "PhotoStock", "PhotoStock", "{54FA0816-A271-4971-B914-1287F07BD83B}"
EndProject
Project("{2150E333-8FDC-42A3-9474-1A3956D46DE8}") = "FakePayment", "FakePayment", "{C6019721-8580-4200-82C0-0C6A3D7721DC}"
EndProject
Project("{2150E333-8FDC-42A3-9474-1A3956D46DE8}") = "Catalog", "Catalog", "{0794729B-A4CF-4735-AD17-DBE16C702F6A}"
EndProject
Project("{FAE04EC0-301F-11D3-BF4B-00C04F79EFBC}") = "AkademiPlusMicroServiceProject.Catalog", "Services\Catalog\AkademiPlusMicroServiceProject.Catalog\AkademiPlusMicroServiceProject.Catalog.csproj", "{51834E9B-C120-4483-9049-33A49FB5215A}"
EndProject
Project("{FAE04EC0-301F-11D3-BF4B-00C04F79EFBC}") = "AkademiPlusMicroServiceProject.Basket", "Services\Basket\AkademiPlusMicroServiceProject.Basket\AkademiPlusMicroServiceProject.Basket.csproj", "{CDBBA876-8D08-4883-B0B2-BFACB768BBEC}"
EndProject
Project("{FAE04EC0-301F-11D3-BF4B-00C04F79EFBC}") = "AkademiPlusMicroServiceProject.Discount", "Services\Discount\AkademiPlusMicroServiceProject.Discount\AkademiPlusMicroServiceProject.Discount.csproj", "{9AEE8321-91D2-4869-B152-D95D27EC3496}"
EndProject
Project("{FAE04EC0-301F-11D3-BF4B-00C04F79EFBC}") = "AkademiPlusMicroServiceProject.Order", "Services\Order\AkademiPlusMicroServiceProject.Order\AkademiPlusMicroServiceProject.Order.csproj", "{CF537095-8DA6-42D9-9D5B-49C1968A4319}"
EndProject
Project("{FAE04EC0-301F-11D3-BF4B-00C04F79EFBC}") = "AkademiPlusMicroServiceProject.Order.Application", "Services\Order\AkademiPlusMicroServiceProject.Order.Application\AkademiPlusMicroServiceProject.Order.Application.csproj", "{CA15BD42-48BD-4537-9E76-181F1A6FD1AD}"
EndProject
Project("{FAE04EC0-301F-11D3-BF4B-00C04F79EFBC}") = "AkademiPlusMicroServiceProject.Order.Domain", "Services\Order\AkademiPlusMicroServiceProject.Order.Domain\AkademiPlusMicroServiceProject.Order.Domain.csproj", "{5131369E-2437-4DE1-8B4B-83D8CB9639C2}"
EndProject
Project("{FAE04EC0-301F-11D3-BF4B-00C04F79EFBC}") = "AkademiPlusMicroServiceProject.Order.Domain.Core", "Services\Order\AkademiPlusMicroServiceProject.Order.Domain.Core\AkademiPlusMicroServiceProject.Order.Domain.Core.csproj", "{4B4A46BF-CCD3-4B95-9214-26814F084268}"
EndProject
Project("{FAE04EC0-301F-11D3-BF4B-00C04F79EFBC}") = "AkademiPlusMicroServiceProject.Order.Domain.InfraStructure", "Services\Order\AkademiPlusMicroServiceProject.Order.Domain.InfraStructure\AkademiPlusMicroServiceProject.Order.Domain.InfraStructure.csproj", "{A3E4A082-DC04-4D4C-BD9F-C71242E9DEFA}"
EndProject
Project("{FAE04EC0-301F-11D3-BF4B-00C04F79EFBC}") = "AkademiPlusMicroServiceProject.PhotoStock", "Services\PhotoStock\AkademiPlusMicroServiceProject.PhotoStock\AkademiPlusMicroServiceProject.PhotoStock.csproj", "{BA09EE66-C511-427E-91A5-C267051FC15B}"
EndProject
Project("{FAE04EC0-301F-11D3-BF4B-00C04F79EFBC}") = "AkademiPlusMicroServiceProject.FakePayment", "Services\FakePayment\AkademiPlusMicroServiceProject.FakePayment\AkademiPlusMicroServiceProject.FakePayment.csproj", "{274A8F52-FEDD-4A65-B1D0-D2FAB5B2656E}"
EndProject
Project("{FAE04EC0-301F-11D3-BF4B-00C04F79EFBC}") = "AkademiPlusMicroServiceProject.FrontEnds", "FrontEnds\AkademiPlusMicroServiceProject.FrontEnds\AkademiPlusMicroServiceProject.FrontEnds.csproj", "{5EEBB048-AF10-49EF-9A80-C424E0B79590}"
EndProject
Global
	GlobalSection(SolutionConfigurationPlatforms) = preSolution
		Debug|Any CPU = Debug|Any CPU
		Release|Any CPU = Release|Any CPU
	EndGlobalSection
	GlobalSection(ProjectConfigurationPlatforms) = postSolution
		{51834E9B-C120-4483-9049-33A49FB5215A}.Debug|Any CPU.ActiveCfg = Debug|Any CPU
		{51834E9B-C120-4483-9049-33A49FB5215A}.Debug|Any CPU.Build.0 = Debug|Any CPU
		{51834E9B-C120-4483-9049-33A49FB5215A}.Release|Any CPU.ActiveCfg = Release|Any CPU
		{51834E9B-C120-4483-9049-33A49FB5215A}.Release|Any CPU.Build.0 = Release|Any CPU
		{CDBBA876-8D08-4883-B0B2-BFACB768BBEC}.Debug|Any CPU.ActiveCfg = Debug|Any CPU
		{CDBBA876-8D08-4883-B0B2-BFACB768BBEC}.Debug|Any CPU.Build.0 = Debug|Any CPU
		{CDBBA876-8D08-4883-B0B2-BFACB768BBEC}.Release|Any CPU.ActiveCfg = Release|Any CPU
		{CDBBA876-8D08-4883-B0B2-BFACB768BBEC}.Release|Any CPU.Build.0 = Release|Any CPU
		{9AEE8321-91D2-4869-B152-D95D27EC3496}.Debug|Any CPU.ActiveCfg = Debug|Any CPU
		{9AEE8321-91D2-4869-B152-D95D27EC3496}.Debug|Any CPU.Build.0 = Debug|Any CPU
		{9AEE8321-91D2-4869-B152-D95D27EC3496}.Release|Any CPU.ActiveCfg = Release|Any CPU
		{9AEE8321-91D2-4869-B152-D95D27EC3496}.Release|Any CPU.Build.0 = Release|Any CPU
		{CF537095-8DA6-42D9-9D5B-49C1968A4319}.Debug|Any CPU.ActiveCfg = Debug|Any CPU
		{CF537095-8DA6-42D9-9D5B-49C1968A4319}.Debug|Any CPU.Build.0 = Debug|Any CPU
		{CF537095-8DA6-42D9-9D5B-49C1968A4319}.Release|Any CPU.ActiveCfg = Release|Any CPU
		{CF537095-8DA6-42D9-9D5B-49C1968A4319}.Release|Any CPU.Build.0 = Release|Any CPU
		{CA15BD42-48BD-4537-9E76-181F1A6FD1AD}.Debug|Any CPU.ActiveCfg = Debug|Any CPU
		{CA15BD42-48BD-4537-9E76-181F1A6FD1AD}.Debug|Any CPU.Build.0 = Debug|Any CPU
		{CA15BD42-48BD-4537-9E76-181F1A6FD1AD}.Release|Any CPU.ActiveCfg = Release|Any CPU
		{CA15BD42-48BD-4537-9E76-181F1A6FD1AD}.Release|Any CPU.Build.0 = Release|Any CPU
		{5131369E-2437-4DE1-8B4B-83D8CB9639C2}.Debug|Any CPU.ActiveCfg = Debug|Any CPU
		{5131369E-2437-4DE1-8B4B-83D8CB9639C2}.Debug|Any CPU.Build.0 = Debug|Any CPU
		{5131369E-2437-4DE1-8B4B-83D8CB9639C2}.Release|Any CPU.ActiveCfg = Release|Any CPU
		{5131369E-2437-4DE1-8B4B-83D8CB9639C2}.Release|Any CPU.Build.0 = Release|Any CPU
		{4B4A46BF-CCD3-4B95-9214-26814F084268}.Debug|Any CPU.ActiveCfg = Debug|Any CPU
		{4B4A46BF-CCD3-4B95-9214-26814F084268}.Debug|Any CPU.Build.0 = Debug|Any CPU
		{4B4A46BF-CCD3-4B95-9214-26814F084268}.Release|Any CPU.ActiveCfg = Release|Any CPU
		{4B4A46BF-CCD3-4B95-9214-26814F084268}.Release|Any CPU.Build.0 = Release|Any CPU
		{A3E4A082-DC04-4D4C-BD9F-C71242E9DEFA}.Debug|Any CPU.ActiveCfg = Debug|Any CPU
		{A3E4A082-DC04-4D4C-BD9F-C71242E9DEFA}.Debug|Any CPU.Build.0 = Debug|Any CPU
		{A3E4A082-DC04-4D4C-BD9F-C71242E9DEFA}.Release|Any CPU.ActiveCfg = Release|Any CPU
		{A3E4A082-DC04-4D4C-BD9F-C71242E9DEFA}.Release|Any CPU.Build.0 = Release|Any CPU
		{BA09EE66-C511-427E-91A5-C267051FC15B}.Debug|Any CPU.ActiveCfg = Debug|Any CPU
		{BA09EE66-C511-427E-91A5-C267051FC15B}.Debug|Any CPU.Build.0 = Debug|Any CPU
		{BA09EE66-C511-427E-91A5-C267051FC15B}.Release|Any CPU.ActiveCfg = Release|Any CPU
		{BA09EE66-C511-427E-91A5-C267051FC15B}.Release|Any CPU.Build.0 = Release|Any CPU
		{274A8F52-FEDD-4A65-B1D0-D2FAB5B2656E}.Debug|Any CPU.ActiveCfg = Debug|Any CPU
		{274A8F52-FEDD-4A65-B1D0-D2FAB5B2656E}.Debug|Any CPU.Build.0 = Debug|Any CPU
		{274A8F52-FEDD-4A65-B1D0-D2FAB5B2656E}.Release|Any CPU.ActiveCfg = Release|Any CPU
		{274A8F52-FEDD-4A65-B1D0-D2FAB5B2656E}.Release|Any CPU.Build.0 = Release|Any CPU
		{5EEBB048-AF10-49EF-9A80-C424E0B79590}.Debug|Any CPU.ActiveCfg = Debug|Any CPU
		{5EEBB048-AF10-49EF-9A80-C424E0B79590}.Debug|Any CPU.Build.0 = Debug|Any CPU
		{5EEBB048-AF10-49EF-9A80-C424E0B79590}.Release|Any CPU.ActiveCfg = Release|Any CPU
		{5EEBB048-AF10-49EF-9A80-C424E0B79590}.Release|Any CPU.Build.0 = Release|Any CPU
	EndGlobalSection
	GlobalSection(SolutionProperties) = preSolution
		HideSolutionNode = FALSE
	EndGlobalSection
	GlobalSection(NestedProjects) = preSolution
		{3E80A0D9-1FEA-403F-B56F-08CE341EEF6B} = {E8FA9514-CBCD-4506-9A70-D292AC80643C}
		{9594C278-C3AE-4AAB-BCCF-5B6CB1B6B8D4} = {E8FA9514-CBCD-4506-9A70-D292AC80643C}
		{9EA92C7E-5A9F-4D06-8CAB-C00033917985} = {E8FA9514-CBCD-4506-9A70-D292AC80643C}
		{54FA0816-A271-4971-B914-1287F07BD83B} = {E8FA9514-CBCD-4506-9A70-D292AC80643C}
		{C6019721-8580-4200-82C0-0C6A3D7721DC} = {E8FA9514-CBCD-4506-9A70-D292AC80643C}
		{0794729B-A4CF-4735-AD17-DBE16C702F6A} = {E8FA9514-CBCD-4506-9A70-D292AC80643C}
		{51834E9B-C120-4483-9049-33A49FB5215A} = {0794729B-A4CF-4735-AD17-DBE16C702F6A}
		{CDBBA876-8D08-4883-B0B2-BFACB768BBEC} = {3E80A0D9-1FEA-403F-B56F-08CE341EEF6B}
		{9AEE8321-91D2-4869-B152-D95D27EC3496} = {9EA92C7E-5A9F-4D06-8CAB-C00033917985}
		{CF537095-8DA6-42D9-9D5B-49C1968A4319} = {9594C278-C3AE-4AAB-BCCF-5B6CB1B6B8D4}
		{CA15BD42-48BD-4537-9E76-181F1A6FD1AD} = {9594C278-C3AE-4AAB-BCCF-5B6CB1B6B8D4}
		{5131369E-2437-4DE1-8B4B-83D8CB9639C2} = {9594C278-C3AE-4AAB-BCCF-5B6CB1B6B8D4}
		{4B4A46BF-CCD3-4B95-9214-26814F084268} = {9594C278-C3AE-4AAB-BCCF-5B6CB1B6B8D4}
		{A3E4A082-DC04-4D4C-BD9F-C71242E9DEFA} = {9594C278-C3AE-4AAB-BCCF-5B6CB1B6B8D4}
		{BA09EE66-C511-427E-91A5-C267051FC15B} = {54FA0816-A271-4971-B914-1287F07BD83B}
		{274A8F52-FEDD-4A65-B1D0-D2FAB5B2656E} = {C6019721-8580-4200-82C0-0C6A3D7721DC}
		{5EEBB048-AF10-49EF-9A80-C424E0B79590} = {2F648221-61E9-4AC6-B27F-55C64DC0443E}
	EndGlobalSection
	GlobalSection(ExtensibilityGlobals) = postSolution
		SolutionGuid = {56623171-F324-4088-B78D-8F6BB3B25EEB}
	EndGlobalSection
EndGlobal
